
Microsoft Visual Studio Solution File, Format Version 12.00
# Visual Studio Version 17
VisualStudioVersion = 17.14.36511.14 d17.14
MinimumVisualStudioVersion = 10.0.40219.1
Project("{FAE04EC0-301F-11D3-BF4B-00C04F79EFBC}") = "Task1", "Task1\Task1.csproj", "{F58A6681-16DE-485A-9984-4B2CA95EBA80}"
EndProject
Project("{FAE04EC0-301F-11D3-BF4B-00C04F79EFBC}") = "Task2", "Task2\Task2.csproj", "{4D5EF843-D4E0-4B8E-8D90-CF64E64B6DF1}"
EndProject
Project("{FAE04EC0-301F-11D3-BF4B-00C04F79EFBC}") = "Task3", "Task3\Task3.csproj", "{1C8E4B2C-BC0D-4C83-BE2A-B1968F3A0034}"
EndProject
Project("{FAE04EC0-301F-11D3-BF4B-00C04F79EFBC}") = "Task4", "Task4\Task4.csproj", "{9BB786CA-F674-4CD3-80EE-19721D2FE462}"
EndProject
Project("{FAE04EC0-301F-11D3-BF4B-00C04F79EFBC}") = "Task5", "Task5\Task5.csproj", "{6DF24410-0088-4BEC-8E7E-5E5A8F45C8C6}"
EndProject
Project("{FAE04EC0-301F-11D3-BF4B-00C04F79EFBC}") = "Practical1Test", "Practical1Test\Practical1Test.csproj", "{5E15263E-C9F9-87E6-B3BD-5E716FC1CDEF}"
EndProject
Global
	GlobalSection(SolutionConfigurationPlatforms) = preSolution
		Debug|Any CPU = Debug|Any CPU
		Release|Any CPU = Release|Any CPU
	EndGlobalSection
	GlobalSection(ProjectConfigurationPlatforms) = postSolution
		{F58A6681-16DE-485A-9984-4B2CA95EBA80}.Debug|Any CPU.ActiveCfg = Debug|Any CPU
		{F58A6681-16DE-485A-9984-4B2CA95EBA80}.Debug|Any CPU.Build.0 = Debug|Any CPU
		{F58A6681-16DE-485A-9984-4B2CA95EBA80}.Release|Any CPU.ActiveCfg = Release|Any CPU
		{F58A6681-16DE-485A-9984-4B2CA95EBA80}.Release|Any CPU.Build.0 = Release|Any CPU
		{4D5EF843-D4E0-4B8E-8D90-CF64E64B6DF1}.Debug|Any CPU.ActiveCfg = Debug|Any CPU
		{4D5EF843-D4E0-4B8E-8D90-CF64E64B6DF1}.Debug|Any CPU.Build.0 = Debug|Any CPU
		{4D5EF843-D4E0-4B8E-8D90-CF64E64B6DF1}.Release|Any CPU.ActiveCfg = Release|Any CPU
		{4D5EF843-D4E0-4B8E-8D90-CF64E64B6DF1}.Release|Any CPU.Build.0 = Release|Any CPU
		{1C8E4B2C-BC0D-4C83-BE2A-B1968F3A0034}.Debug|Any CPU.ActiveCfg = Debug|Any CPU
		{1C8E4B2C-BC0D-4C83-BE2A-B1968F3A0034}.Debug|Any CPU.Build.0 = Debug|Any CPU
		{1C8E4B2C-BC0D-4C83-BE2A-B1968F3A0034}.Release|Any CPU.ActiveCfg = Release|Any CPU
		{1C8E4B2C-BC0D-4C83-BE2A-B1968F3A0034}.Release|Any CPU.Build.0 = Release|Any CPU
		{9BB786CA-F674-4CD3-80EE-19721D2FE462}.Debug|Any CPU.ActiveCfg = Debug|Any CPU
		{9BB786CA-F674-4CD3-80EE-19721D2FE462}.Debug|Any CPU.Build.0 = Debug|Any CPU
		{9BB786CA-F674-4CD3-80EE-19721D2FE462}.Release|Any CPU.ActiveCfg = Release|Any CPU
		{9BB786CA-F674-4CD3-80EE-19721D2FE462}.Release|Any CPU.Build.0 = Release|Any CPU
		{6DF24410-0088-4BEC-8E7E-5E5A8F45C8C6}.Debug|Any CPU.ActiveCfg = Debug|Any CPU
		{6DF24410-0088-4BEC-8E7E-5E5A8F45C8C6}.Debug|Any CPU.Build.0 = Debug|Any CPU
		{6DF24410-0088-4BEC-8E7E-5E5A8F45C8C6}.Release|Any CPU.ActiveCfg = Release|Any CPU
		{6DF24410-0088-4BEC-8E7E-5E5A8F45C8C6}.Release|Any CPU.Build.0 = Release|Any CPU
		{5E15263E-C9F9-87E6-B3BD-5E716FC1CDEF}.Debug|Any CPU.ActiveCfg = Debug|Any CPU
		{5E15263E-C9F9-87E6-B3BD-5E716FC1CDEF}.Debug|Any CPU.Build.0 = Debug|Any CPU
		{5E15263E-C9F9-87E6-B3BD-5E716FC1CDEF}.Release|Any CPU.ActiveCfg = Release|Any CPU
		{5E15263E-C9F9-87E6-B3BD-5E716FC1CDEF}.Release|Any CPU.Build.0 = Release|Any CPU
	EndGlobalSection
	GlobalSection(SolutionProperties) = preSolution
		HideSolutionNode = FALSE
	EndGlobalSection
	GlobalSection(ExtensibilityGlobals) = postSolution
		SolutionGuid = {7FA2DFEC-CAB4-43A9-9E0B-40BA2F13F3A0}
	EndGlobalSection
EndGlobal
